
Microsoft Visual Studio Solution File, Format Version 12.00
# Visual Studio 2013
VisualStudioVersion = 12.0.31101.0
MinimumVisualStudioVersion = 10.0.40219.1
Project("{FAE04EC0-301F-11D3-BF4B-00C04F79EFBC}") = "SupportSharp", "SupportSharp\SupportSharp.csproj", "{406AA588-A1A9-43B6-B6E4-4EFA8658432F}"
EndProject
Global
	GlobalSection(SolutionConfigurationPlatforms) = preSolution
		Debug|Any CPU = Debug|Any CPU
		Release|Any CPU = Release|Any CPU
	EndGlobalSection
	GlobalSection(ProjectConfigurationPlatforms) = postSolution
		{406AA588-A1A9-43B6-B6E4-4EFA8658432F}.Debug|Any CPU.ActiveCfg = Debug|Any CPU
		{406AA588-A1A9-43B6-B6E4-4EFA8658432F}.Debug|Any CPU.Build.0 = Debug|Any CPU
		{406AA588-A1A9-43B6-B6E4-4EFA8658432F}.Release|Any CPU.ActiveCfg = Release|Any CPU
		{406AA588-A1A9-43B6-B6E4-4EFA8658432F}.Release|Any CPU.Build.0 = Release|Any CPU
	EndGlobalSection
	GlobalSection(SolutionProperties) = preSolution
		HideSolutionNode = FALSE
	EndGlobalSection
EndGlobal
